
Microsoft Visual Studio Solution File, Format Version 12.00
# Visual Studio 15
VisualStudioVersion = 15.0.28010.2036
MinimumVisualStudioVersion = 10.0.40219.1
Project("{FAE04EC0-301F-11D3-BF4B-00C04F79EFBC}") = "GrandCircusLab8", "GrandCircusLab8\GrandCircusLab8.csproj", "{E980CC6D-AC1D-473D-822C-E64B4E317F34}"
EndProject
Global
	GlobalSection(SolutionConfigurationPlatforms) = preSolution
		Debug|Any CPU = Debug|Any CPU
		Release|Any CPU = Release|Any CPU
	EndGlobalSection
	GlobalSection(ProjectConfigurationPlatforms) = postSolution
		{E980CC6D-AC1D-473D-822C-E64B4E317F34}.Debug|Any CPU.ActiveCfg = Debug|Any CPU
		{E980CC6D-AC1D-473D-822C-E64B4E317F34}.Debug|Any CPU.Build.0 = Debug|Any CPU
		{E980CC6D-AC1D-473D-822C-E64B4E317F34}.Release|Any CPU.ActiveCfg = Release|Any CPU
		{E980CC6D-AC1D-473D-822C-E64B4E317F34}.Release|Any CPU.Build.0 = Release|Any CPU
	EndGlobalSection
	GlobalSection(SolutionProperties) = preSolution
		HideSolutionNode = FALSE
	EndGlobalSection
	GlobalSection(ExtensibilityGlobals) = postSolution
		SolutionGuid = {9FFA1AF4-DC79-4EE6-BCEF-7A71F413A829}
	EndGlobalSection
EndGlobal
